
Microsoft Visual Studio Solution File, Format Version 12.00
# Visual Studio Version 17
VisualStudioVersion = 17.2.32602.215
MinimumVisualStudioVersion = 10.0.40219.1
Project("{FAE04EC0-301F-11D3-BF4B-00C04F79EFBC}") = "eReconcilition.Core", "eReconcilition.Core\eReconcilition.Core.csproj", "{B101E64C-1F5F-4BDD-B12E-53F4B51853F3}"
EndProject
Project("{FAE04EC0-301F-11D3-BF4B-00C04F79EFBC}") = "eReconcilition.Business", "eReconcilition.Business\eReconcilition.Business.csproj", "{8BB0BA4C-5560-4968-A755-1EAFDEAAAA7A}"
EndProject
Project("{FAE04EC0-301F-11D3-BF4B-00C04F79EFBC}") = "eReconcilition.DataAccess", "eReconcilition.DataAccess\eReconcilition.DataAccess.csproj", "{28AE8417-148D-4674-841B-AF55AECB1B40}"
EndProject
Project("{FAE04EC0-301F-11D3-BF4B-00C04F79EFBC}") = "eReconcilition.Entities", "eReconcilition.Entities\eReconcilition.Entities.csproj", "{F5AE3DF6-41C3-460B-A602-F752DEC4B708}"
EndProject
Project("{FAE04EC0-301F-11D3-BF4B-00C04F79EFBC}") = "eReconcilition.WebApi", "eReconcilition.WebApi\eReconcilition.WebApi.csproj", "{9B4197E3-31AF-4C49-BDA9-468E1FE36DBF}"
EndProject
Global
	GlobalSection(SolutionConfigurationPlatforms) = preSolution
		Debug|Any CPU = Debug|Any CPU
		Release|Any CPU = Release|Any CPU
	EndGlobalSection
	GlobalSection(ProjectConfigurationPlatforms) = postSolution
		{B101E64C-1F5F-4BDD-B12E-53F4B51853F3}.Debug|Any CPU.ActiveCfg = Debug|Any CPU
		{B101E64C-1F5F-4BDD-B12E-53F4B51853F3}.Debug|Any CPU.Build.0 = Debug|Any CPU
		{B101E64C-1F5F-4BDD-B12E-53F4B51853F3}.Release|Any CPU.ActiveCfg = Release|Any CPU
		{B101E64C-1F5F-4BDD-B12E-53F4B51853F3}.Release|Any CPU.Build.0 = Release|Any CPU
		{8BB0BA4C-5560-4968-A755-1EAFDEAAAA7A}.Debug|Any CPU.ActiveCfg = Debug|Any CPU
		{8BB0BA4C-5560-4968-A755-1EAFDEAAAA7A}.Debug|Any CPU.Build.0 = Debug|Any CPU
		{8BB0BA4C-5560-4968-A755-1EAFDEAAAA7A}.Release|Any CPU.ActiveCfg = Release|Any CPU
		{8BB0BA4C-5560-4968-A755-1EAFDEAAAA7A}.Release|Any CPU.Build.0 = Release|Any CPU
		{28AE8417-148D-4674-841B-AF55AECB1B40}.Debug|Any CPU.ActiveCfg = Debug|Any CPU
		{28AE8417-148D-4674-841B-AF55AECB1B40}.Debug|Any CPU.Build.0 = Debug|Any CPU
		{28AE8417-148D-4674-841B-AF55AECB1B40}.Release|Any CPU.ActiveCfg = Release|Any CPU
		{28AE8417-148D-4674-841B-AF55AECB1B40}.Release|Any CPU.Build.0 = Release|Any CPU
		{F5AE3DF6-41C3-460B-A602-F752DEC4B708}.Debug|Any CPU.ActiveCfg = Debug|Any CPU
		{F5AE3DF6-41C3-460B-A602-F752DEC4B708}.Debug|Any CPU.Build.0 = Debug|Any CPU
		{F5AE3DF6-41C3-460B-A602-F752DEC4B708}.Release|Any CPU.ActiveCfg = Release|Any CPU
		{F5AE3DF6-41C3-460B-A602-F752DEC4B708}.Release|Any CPU.Build.0 = Release|Any CPU
		{9B4197E3-31AF-4C49-BDA9-468E1FE36DBF}.Debug|Any CPU.ActiveCfg = Debug|Any CPU
		{9B4197E3-31AF-4C49-BDA9-468E1FE36DBF}.Debug|Any CPU.Build.0 = Debug|Any CPU
		{9B4197E3-31AF-4C49-BDA9-468E1FE36DBF}.Release|Any CPU.ActiveCfg = Release|Any CPU
		{9B4197E3-31AF-4C49-BDA9-468E1FE36DBF}.Release|Any CPU.Build.0 = Release|Any CPU
	EndGlobalSection
	GlobalSection(SolutionProperties) = preSolution
		HideSolutionNode = FALSE
	EndGlobalSection
	GlobalSection(ExtensibilityGlobals) = postSolution
		SolutionGuid = {D8CEDEB6-C989-482B-B1A6-6D23B0570CEE}
	EndGlobalSection
EndGlobal
